
Microsoft Visual Studio Solution File, Format Version 12.00
# Visual Studio 15
Project("{FAE04EC0-301F-11D3-BF4B-00C04F79EFBC}") = "Assembly-CSharp", "Assembly-CSharp.csproj", "{B720013D-0BC0-DA0A-2122-DEEF14E7BE9F}"
EndProject
Project("{FAE04EC0-301F-11D3-BF4B-00C04F79EFBC}") = "Assembly-CSharp-firstpass", "Assembly-CSharp-firstpass.csproj", "{33610A46-7D8D-7A4F-71EA-DF03DF844D00}"
EndProject
Project("{FAE04EC0-301F-11D3-BF4B-00C04F79EFBC}") = "Assembly-CSharp-Editor", "Assembly-CSharp-Editor.csproj", "{99ED1DBD-1354-7134-F385-C4FCB107ABC0}"
EndProject
Project("{FAE04EC0-301F-11D3-BF4B-00C04F79EFBC}") = "Assembly-CSharp-Editor-firstpass", "Assembly-CSharp-Editor-firstpass.csproj", "{420083A2-7E79-1CCD-E0CB-7F30AE52D52C}"
EndProject
Global
	GlobalSection(SolutionConfigurationPlatforms) = preSolution
		Debug|Any CPU = Debug|Any CPU
		Release|Any CPU = Release|Any CPU
	EndGlobalSection
	GlobalSection(ProjectConfigurationPlatforms) = postSolution
		{B720013D-0BC0-DA0A-2122-DEEF14E7BE9F}.Debug|Any CPU.ActiveCfg = Debug|Any CPU
		{B720013D-0BC0-DA0A-2122-DEEF14E7BE9F}.Debug|Any CPU.Build.0 = Debug|Any CPU
		{B720013D-0BC0-DA0A-2122-DEEF14E7BE9F}.Release|Any CPU.ActiveCfg = Release|Any CPU
		{B720013D-0BC0-DA0A-2122-DEEF14E7BE9F}.Release|Any CPU.Build.0 = Release|Any CPU
		{33610A46-7D8D-7A4F-71EA-DF03DF844D00}.Debug|Any CPU.ActiveCfg = Debug|Any CPU
		{33610A46-7D8D-7A4F-71EA-DF03DF844D00}.Debug|Any CPU.Build.0 = Debug|Any CPU
		{33610A46-7D8D-7A4F-71EA-DF03DF844D00}.Release|Any CPU.ActiveCfg = Release|Any CPU
		{33610A46-7D8D-7A4F-71EA-DF03DF844D00}.Release|Any CPU.Build.0 = Release|Any CPU
		{99ED1DBD-1354-7134-F385-C4FCB107ABC0}.Debug|Any CPU.ActiveCfg = Debug|Any CPU
		{99ED1DBD-1354-7134-F385-C4FCB107ABC0}.Debug|Any CPU.Build.0 = Debug|Any CPU
		{99ED1DBD-1354-7134-F385-C4FCB107ABC0}.Release|Any CPU.ActiveCfg = Release|Any CPU
		{99ED1DBD-1354-7134-F385-C4FCB107ABC0}.Release|Any CPU.Build.0 = Release|Any CPU
		{420083A2-7E79-1CCD-E0CB-7F30AE52D52C}.Debug|Any CPU.ActiveCfg = Debug|Any CPU
		{420083A2-7E79-1CCD-E0CB-7F30AE52D52C}.Debug|Any CPU.Build.0 = Debug|Any CPU
		{420083A2-7E79-1CCD-E0CB-7F30AE52D52C}.Release|Any CPU.ActiveCfg = Release|Any CPU
		{420083A2-7E79-1CCD-E0CB-7F30AE52D52C}.Release|Any CPU.Build.0 = Release|Any CPU
	EndGlobalSection
	GlobalSection(SolutionProperties) = preSolution
		HideSolutionNode = FALSE
	EndGlobalSection
EndGlobal
